[[package]]
name = "bidict"
version = "0.21.4"
requires_python = ">=3.6"
summary = "The bidirectional mapping library for Python."

[[package]]
name = "click"
version = "8.0.4"
requires_python = ">=3.6"
summary = "Composable command line interface toolkit"
dependencies = [
    "colorama; platform_system == \"Windows\"",
]

[[package]]
name = "colorama"
version = "0.4.4"
requires_python = ">=2.7, !=3.0.*, !=3.1.*, !=3.2.*, !=3.3.*, !=3.4.*"
summary = "Cross-platform colored terminal text."

[[package]]
name = "dnspython"
version = "2.2.1"
requires_python = ">=3.6,<4.0"
summary = "DNS toolkit"

[[package]]
name = "eventlet"
version = "0.33.0"
summary = "Highly concurrent networking library"
dependencies = [
    "dnspython>=1.15.0",
    "greenlet>=0.3",
    "six>=1.10.0",
]

[[package]]
name = "flask"
version = "2.0.3"
requires_python = ">=3.6"
summary = "A simple framework for building complex web applications."
dependencies = [
    "Jinja2>=3.0",
    "Werkzeug>=2.0",
    "click>=7.1.2",
    "itsdangerous>=2.0",
]

[[package]]
name = "flask-socketio"
version = "5.1.1"
requires_python = ">=3.6"
summary = "Socket.IO integration for Flask applications"
dependencies = [
    "Flask>=0.9",
    "python-socketio>=5.0.2",
]

[[package]]
name = "greenlet"
version = "1.1.2"
requires_python = ">=2.7,!=3.0.*,!=3.1.*,!=3.2.*,!=3.3.*,!=3.4.*"
summary = "Lightweight in-process concurrent programming"

[[package]]
name = "itsdangerous"
version = "2.1.1"
requires_python = ">=3.7"
summary = "Safely pass data to untrusted environments and back."

[[package]]
name = "jinja2"
version = "3.0.3"
requires_python = ">=3.6"
summary = "A very fast and expressive template engine."
dependencies = [
    "MarkupSafe>=2.0",
]

[[package]]
name = "markupsafe"
version = "2.1.1"
requires_python = ">=3.7"
summary = "Safely add untrusted strings to HTML/XML markup."

[[package]]
name = "python-dateutil"
version = "2.8.2"
requires_python = "!=3.0.*,!=3.1.*,!=3.2.*,>=2.7"
summary = "Extensions to the standard Python datetime module"
dependencies = [
    "six>=1.5",
]

[[package]]
name = "python-engineio"
version = "4.3.1"
requires_python = ">=3.6"
summary = "Engine.IO server and client for Python"

[[package]]
name = "python-socketio"
version = "5.5.2"
requires_python = ">=3.6"
summary = "Socket.IO server and client for Python"
dependencies = [
    "bidict>=0.21.0",
    "python-engineio>=4.3.0",
]

[[package]]
name = "six"
version = "1.16.0"
requires_python = ">=2.7, !=3.0.*, !=3.1.*, !=3.2.*"
summary = "Python 2 and 3 compatibility utilities"

[[package]]
name = "strictyaml"
version = "1.6.1"
summary = "Strict, typed YAML parser"
dependencies = [
    "python-dateutil>=2.6.0",
]

[[package]]
name = "werkzeug"
version = "2.0.3"
requires_python = ">=3.6"
summary = "The comprehensive WSGI web application library."

[metadata]
lock_version = "4.0"
content_hash = "sha256:16e6302442b5d6c4be477fccc34c9da0d0e44e60915ab24f0f81eb37a834b43d"

[metadata.files]
"bidict 0.21.4" = [
    {url = "https://files.pythonhosted.org/packages/ce/df/867d2903facda4532a2f78880e097a3a742c0ffc8bc179777d8ec36776ad/bidict-0.21.4.tar.gz", hash = "sha256:42c84ffbe6f8de898af6073b4be9ea7ccedcd78d3474aa844c54e49d5a079f6f"},
    {url = "https://files.pythonhosted.org/packages/f1/04/ac51cac8d2b792a8de216c775248a371bf1da25f11d919f3528975288e21/bidict-0.21.4-py3-none-any.whl", hash = "sha256:3ac67daa353ecf853a1df9d3e924f005e729227a60a8dbada31a4c31aba7f654"},
]
"click 8.0.4" = [
    {url = "https://files.pythonhosted.org/packages/4a/a8/0b2ced25639fb20cc1c9784de90a8c25f9504a7f18cd8b5397bd61696d7d/click-8.0.4-py3-none-any.whl", hash = "sha256:6a7a62563bbfabfda3a38f3023a1db4a35978c0abd76f6c9605ecd6554d6d9b1"},
    {url = "https://files.pythonhosted.org/packages/dd/cf/706c1ad49ab26abed0b77a2f867984c1341ed7387b8030a6aa914e2942a0/click-8.0.4.tar.gz", hash = "sha256:8458d7b1287c5fb128c90e23381cf99dcde74beaf6c7ff6384ce84d6fe090adb"},
]
"colorama 0.4.4" = [
    {url = "https://files.pythonhosted.org/packages/1f/bb/5d3246097ab77fa083a61bd8d3d527b7ae063c7d8e8671b1cf8c4ec10cbe/colorama-0.4.4.tar.gz", hash = "sha256:5941b2b48a20143d2267e95b1c2a7603ce057ee39fd88e7329b0c292aa16869b"},
    {url = "https://files.pythonhosted.org/packages/44/98/5b86278fbbf250d239ae0ecb724f8572af1c91f4a11edf4d36a206189440/colorama-0.4.4-py2.py3-none-any.whl", hash = "sha256:9f47eda37229f68eee03b24b9748937c7dc3868f906e8ba69fbcbdd3bc5dc3e2"},
]
"dnspython 2.2.1" = [
    {url = "https://files.pythonhosted.org/packages/99/fb/e7cd35bba24295ad41abfdff30f6b4c271fd6ac70d20132fa503c3e768e0/dnspython-2.2.1.tar.gz", hash = "sha256:0f7569a4a6ff151958b64304071d370daa3243d15941a7beedf0c9fe5105603e"},
    {url = "https://files.pythonhosted.org/packages/9b/ed/28fb14146c7033ba0e89decd92a4fa16b0b69b84471e2deab3cc4337cc35/dnspython-2.2.1-py3-none-any.whl", hash = "sha256:a851e51367fb93e9e1361732c1d60dab63eff98712e503ea7d92e6eccb109b4f"},
]
"eventlet 0.33.0" = [
    {url = "https://files.pythonhosted.org/packages/12/c9/898ab514f82fb8f9a5a37a36c44a798c023fc42d6de863ad940861222ad4/eventlet-0.33.0.tar.gz", hash = "sha256:80144f489c1bb273a51b6f96ff9785a382d2866b9bab1f5bd748385019f4141f"},
    {url = "https://files.pythonhosted.org/packages/56/f5/5511f43e6908b13645387e790ce85e08c75f8298419917da72906fc51da8/eventlet-0.33.0-py2.py3-none-any.whl", hash = "sha256:d10a8fcc9e33381905d9873303fde96ebe3541c03fb795055d2c7347dce0639c"},
]
"flask 2.0.3" = [
    {url = "https://files.pythonhosted.org/packages/84/9d/66347e6b3e2eb78647392d3969c23bdc2d8b2fdc32bd078c817c15cb81ad/Flask-2.0.3.tar.gz", hash = "sha256:e1120c228ca2f553b470df4a5fa927ab66258467526069981b3eb0a91902687d"},
    {url = "https://files.pythonhosted.org/packages/cd/77/59df23681f4fd19b7cbbb5e92484d46ad587554f5d490f33ef907e456132/Flask-2.0.3-py3-none-any.whl", hash = "sha256:59da8a3170004800a2837844bfa84d49b022550616070f7cb1a659682b2e7c9f"},
]
"flask-socketio 5.1.1" = [
    {url = "https://files.pythonhosted.org/packages/5f/a5/5c03d62fdbdf0343345c8cca19d4961d8958eba54449230df2b0080b7011/Flask-SocketIO-5.1.1.tar.gz", hash = "sha256:1efdaacc7a26e94f2b197a80079b1058f6aa644a6094c0a322349e2b9c41f6b1"},
    {url = "https://files.pythonhosted.org/packages/70/73/b30d4448b64e877c4f75a916bdad0070c92570b8913c8e4893faf8c69850/Flask_SocketIO-5.1.1-py3-none-any.whl", hash = "sha256:07e1899e3b4851978b2ac8642080156c6294f8d0fc5212b4e4bcca713830306a"},
]
"greenlet 1.1.2" = [
    {url = "https://files.pythonhosted.org/packages/07/59/f4656193ac084b7134dcf5f5d4d5c4d3a154d222202eecf00b367d367e90/greenlet-1.1.2-cp310-cp310-win_amd64.whl", hash = "sha256:14d4f3cd4e8b524ae9b8aa567858beed70c392fdec26dbdb0a8a418392e71708"},
    {url = "https://files.pythonhosted.org/packages/07/97/6f07d888c4fce65ec4fb2177e75d45e604789eb075a09946dd7e7f88e790/greenlet-1.1.2-cp38-cp38-manylinux2010_x86_64.whl", hash = "sha256:f3acda1924472472ddd60c29e5b9db0cec629fbe3c5c5accb74d6d6d14773478"},
    {url = "https://files.pythonhosted.org/packages/08/c6/0bd71c28d7f318ce4a73c6d8d26130233863070f418e5c340ffb7fa609da/greenlet-1.1.2-cp39-cp39-manylinux1_x86_64.whl", hash = "sha256:572e1787d1460da79590bf44304abbc0a2da944ea64ec549188fa84d89bba7ab"},
    {url = "https://files.pythonhosted.org/packages/0c/10/754e21b5bea89d0e73f99d60c83754df7cc64db74f47d98ab187669ce341/greenlet-1.1.2.tar.gz", hash = "sha256:e30f5ea4ae2346e62cedde8794a56858a67b878dd79f7df76a0767e356b1744a"},
    {url = "https://files.pythonhosted.org/packages/1e/08/63a6757e95589b293d753637a63e951587f9e2cd16e331eaff3c1c47e445/greenlet-1.1.2-cp35-cp35m-manylinux1_x86_64.whl", hash = "sha256:9f3cba480d3deb69f6ee2c1825060177a22c7826431458c697df88e6aeb3caee"},
    {url = "https://files.pythonhosted.org/packages/2f/5a/28d7f5d3afddf2669f68f9779b71946a6903c89af1dcfd750a14ce3b55c7/greenlet-1.1.2-cp39-cp39-manylinux_2_17_ppc64le.manylinux2014_ppc64le.whl", hash = "sha256:7227b47e73dedaa513cdebb98469705ef0d66eb5a1250144468e9c3097d6b59b"},
    {url = "https://files.pythonhosted.org/packages/30/1c/5f4df8816093dbfc8ded8b53ab672223deeb39e9dec6a48aaf278c52df99/greenlet-1.1.2-cp38-cp38-win32.whl", hash = "sha256:288c6a76705dc54fba69fbcb59904ae4ad768b4c768839b8ca5fdadec6dd8cfd"},
    {url = "https://files.pythonhosted.org/packages/3d/2a/076407f5f68ec0c3063e0e60d37a23fe2d9dd43014c2aa99d19200f2ef66/greenlet-1.1.2-cp35-cp35m-win_amd64.whl", hash = "sha256:903bbd302a2378f984aef528f76d4c9b1748f318fe1294961c072bdc7f2ffa3e"},
    {url = "https://files.pythonhosted.org/packages/40/10/fea5c3ddfb6230e403a1dd6c7a1d1620d2fe096ac43f9ff4fb6a3057ab9b/greenlet-1.1.2-cp37-cp37m-manylinux_2_17_ppc64le.manylinux2014_ppc64le.whl", hash = "sha256:8c790abda465726cfb8bb08bd4ca9a5d0a7bd77c7ac1ca1b839ad823b948ea28"},
    {url = "https://files.pythonhosted.org/packages/44/19/9a5f20b0e02e300a2d0a5c3743acd23e02491c63e1b68de26158dc07b9ae/greenlet-1.1.2-cp37-cp37m-manylinux_2_17_aarch64.manylinux2014_aarch64.whl", hash = "sha256:1e12bdc622676ce47ae9abbf455c189e442afdde8818d9da983085df6312e7a1"},
    {url = "https://files.pythonhosted.org/packages/44/5e/b3acc744a11f35d3109fef1217aea849d244a39f814241bb299f5ad41964/greenlet-1.1.2-cp27-cp27m-win32.whl", hash = "sha256:aa5b467f15e78b82257319aebc78dd2915e4c1436c3c0d1ad6f53e47ba6e2713"},
    {url = "https://files.pythonhosted.org/packages/44/a9/9cffabbae4b85e2ff8622c2f8b2247657885bac1555186f3e34f3e4a2d08/greenlet-1.1.2-cp37-cp37m-win32.whl", hash = "sha256:64e6175c2e53195278d7388c454e0b30997573f3f4bd63697f88d855f7a6a1fc"},
    {url = "https://files.pythonhosted.org/packages/45/ef/63d2b5d09b07dd45e9f8564f9875e3d57f46e7714896703abe0c9fcc1ec9/greenlet-1.1.2-cp37-cp37m-manylinux2010_x86_64.whl", hash = "sha256:93f81b134a165cc17123626ab8da2e30c0455441d4ab5576eed73a64c025b25c"},
    {url = "https://files.pythonhosted.org/packages/47/20/433693ac90ae70c8577bf4896951859e8d293e59df5818073033f181ee7b/greenlet-1.1.2-cp310-cp310-macosx_10_14_x86_64.whl", hash = "sha256:8639cadfda96737427330a094476d4c7a56ac03de7265622fcf4cfe57c8ae18d"},
    {url = "https://files.pythonhosted.org/packages/47/c6/049c29ded17c356b8894458fe21c4e37d5746f6a99b17c07bad1189c2938/greenlet-1.1.2-cp37-cp37m-manylinux1_x86_64.whl", hash = "sha256:fdcec0b8399108577ec290f55551d926d9a1fa6cad45882093a7a07ac5ec147b"},
    {url = "https://files.pythonhosted.org/packages/4d/70/8bc33ca00820dcae9ad0c7cae19088a45faf386e6d467de015655de395ce/greenlet-1.1.2-cp39-cp39-manylinux_2_17_aarch64.manylinux2014_aarch64.whl", hash = "sha256:b1692f7d6bc45e3200844be0dba153612103db241691088626a33ff1f24a0d88"},
    {url = "https://files.pythonhosted.org/packages/4e/33/2eb5b46e3f1f46b24ff09d04ff227520273820f6be9e2176ea5e39063b3f/greenlet-1.1.2-cp38-cp38-win_amd64.whl", hash = "sha256:8d2f1fb53a421b410751887eb4ff21386d119ef9cde3797bf5e7ed49fb51a3b3"},
    {url = "https://files.pythonhosted.org/packages/4e/39/71870a73ac498c5af423c566bb9ac6c3a3b2147acfa35ed44a9ccc41fab1/greenlet-1.1.2-cp310-cp310-manylinux_2_17_x86_64.manylinux2014_x86_64.whl", hash = "sha256:abb7a75ed8b968f3061327c433a0fbd17b729947b400747c334a9c29a9af6c58"},
    {url = "https://files.pythonhosted.org/packages/61/f1/314caccf5e024d43801d9efff6facef52528bdfe2f3f3ef0883ae53c17cb/greenlet-1.1.2-cp39-cp39-musllinux_1_1_x86_64.whl", hash = "sha256:0051c6f1f27cb756ffc0ffbac7d2cd48cb0362ac1736871399a739b2885134d3"},
    {url = "https://files.pythonhosted.org/packages/65/62/eb54724f4a4e606c3e46503b55923dd67696395da8f502c835ff5adbefd8/greenlet-1.1.2-cp35-cp35m-manylinux2010_x86_64.whl", hash = "sha256:fa877ca7f6b48054f847b61d6fa7bed5cebb663ebc55e018fda12db09dcc664c"},
    {url = "https://files.pythonhosted.org/packages/71/49/55a19e26db17ceb77da6855453282af3a6b56f8936579a851a4b2c9f49db/greenlet-1.1.2-cp36-cp36m-manylinux2010_x86_64.whl", hash = "sha256:7418b6bfc7fe3331541b84bb2141c9baf1ec7132a7ecd9f375912eca810e714e"},
    {url = "https://files.pythonhosted.org/packages/72/2d/53428626ef5cd9837701cfc49d2a60ecefe8e0737c345b5547b1d88dd739/greenlet-1.1.2-cp38-cp38-manylinux_2_17_ppc64le.manylinux2014_ppc64le.whl", hash = "sha256:00e44c8afdbe5467e4f7b5851be223be68adb4272f44696ee71fe46b7036a711"},
    {url = "https://files.pythonhosted.org/packages/76/5a/a6a693096353c1c17932b21ae864a0280e420fadd2f14399a00b085d3d1b/greenlet-1.1.2-cp36-cp36m-manylinux1_x86_64.whl", hash = "sha256:dd0b1e9e891f69e7675ba5c92e28b90eaa045f6ab134ffe70b52e948aa175b3c"},
    {url = "https://files.pythonhosted.org/packages/87/8a/02881e7abe67c4cd9bae211b12031b53c3edf71ee0ffff170e9a16297610/greenlet-1.1.2-cp27-cp27mu-manylinux1_x86_64.whl", hash = "sha256:95e69877983ea39b7303570fa6760f81a3eec23d0e3ab2021b7144b94d06202d"},
    {url = "https://files.pythonhosted.org/packages/89/75/73d6dccf264a490eb52a36e24ada058b1f5f0e45cbd0cd4cab5bff587416/greenlet-1.1.2-cp27-cp27m-macosx_10_14_x86_64.whl", hash = "sha256:58df5c2a0e293bf665a51f8a100d3e9956febfbf1d9aaf8c0677cf70218910c6"},
    {url = "https://files.pythonhosted.org/packages/9c/aa/49ab5629df48b08c9e509b98a7b2b9f67c923ae800c8d09d7af31e49ecb7/greenlet-1.1.2-cp39-cp39-win32.whl", hash = "sha256:f70a9e237bb792c7cc7e44c531fd48f5897961701cdaa06cf22fc14965c496cf"},
    {url = "https://files.pythonhosted.org/packages/9e/dc/0b1aeaa008144d3d503113aa4c5c3c46311b9942f77c1ae337d04fb703dc/greenlet-1.1.2-cp36-cp36m-manylinux_2_17_x86_64.manylinux2014_x86_64.whl", hash = "sha256:eff9d20417ff9dcb0d25e2defc2574d10b491bf2e693b4e491914738b7908168"},
    {url = "https://files.pythonhosted.org/packages/a1/b6/949a07551279b770d49efe18e1a732a53a45cf76c5f5981ee6ebd17eab19/greenlet-1.1.2-cp38-cp38-manylinux1_x86_64.whl", hash = "sha256:eb6ea6da4c787111adf40f697b4e58732ee0942b5d3bd8f435277643329ba627"},
    {url = "https://files.pythonhosted.org/packages/aa/cb/e500854d5bfdfe5fc36e0420845e79f4b52df3c11ca73838f19ebebc1ad2/greenlet-1.1.2-cp36-cp36m-manylinux_2_17_ppc64le.manylinux2014_ppc64le.whl", hash = "sha256:21915eb821a6b3d9d8eefdaf57d6c345b970ad722f856cd71739493ce003ad08"},
    {url = "https://files.pythonhosted.org/packages/aa/e0/d6e21c642a477fc97aa667c64c8100fe4a63dd39e9b2dc3faafcfd03bef0/greenlet-1.1.2-cp37-cp37m-manylinux_2_17_x86_64.manylinux2014_x86_64.whl", hash = "sha256:f276df9830dba7a333544bd41070e8175762a7ac20350786b322b714b0e654f5"},
    {url = "https://files.pythonhosted.org/packages/af/55/e60bc4c2bd7cad081a29f2e046f1e28e45e8529025c07ce725a84d235312/greenlet-1.1.2-cp39-cp39-manylinux_2_17_x86_64.manylinux2014_x86_64.whl", hash = "sha256:7ff61ff178250f9bb3cd89752df0f1dd0e27316a8bd1465351652b1b4a4cdfd3"},
    {url = "https://files.pythonhosted.org/packages/b0/37/be7fd0a351a4e52b72857e24115159754a38d11d41bf9861b607330e3934/greenlet-1.1.2-cp36-cp36m-win32.whl", hash = "sha256:32ca72bbc673adbcfecb935bb3fb1b74e663d10a4b241aaa2f5a75fe1d1f90aa"},
    {url = "https://files.pythonhosted.org/packages/b2/b1/30895f5467c5552bd863b72961b977db95094d3017c39c265cc34f2f7cd8/greenlet-1.1.2-cp27-cp27m-win_amd64.whl", hash = "sha256:40b951f601af999a8bf2ce8c71e8aaa4e8c6f78ff8afae7b808aae2dc50d4c40"},
    {url = "https://files.pythonhosted.org/packages/b2/c2/141916d37869e817cf18a590de62e8bc732e602ed6d2786c09f4b365f2cf/greenlet-1.1.2-cp310-cp310-musllinux_1_1_x86_64.whl", hash = "sha256:b336501a05e13b616ef81ce329c0e09ac5ed8c732d9ba7e3e983fcc1a9e86965"},
    {url = "https://files.pythonhosted.org/packages/b7/55/0e1a2c02f043b9fc698e70c6ef247b233c82791a78466929352fefcae5e8/greenlet-1.1.2-cp310-cp310-manylinux_2_17_aarch64.manylinux2014_aarch64.whl", hash = "sha256:97e5306482182170ade15c4b0d8386ded995a07d7cc2ca8f27958d34d6736497"},
    {url = "https://files.pythonhosted.org/packages/b7/6d/c769c05ece064dac69ab8f54a680b8b63374c745f711da54333a9a75f498/greenlet-1.1.2-cp36-cp36m-win_amd64.whl", hash = "sha256:f0214eb2a23b85528310dad848ad2ac58e735612929c8072f6093f3585fd342d"},
    {url = "https://files.pythonhosted.org/packages/bb/7b/2ac66aa5f9b7e07d62cd6c2c95d44036b609bda80e8739202e3551ee7bf3/greenlet-1.1.2-cp39-cp39-win_amd64.whl", hash = "sha256:013d61294b6cd8fe3242932c1c5e36e5d1db2c8afb58606c5a67efce62c1f5fd"},
    {url = "https://files.pythonhosted.org/packages/bd/66/143727df72394e768381c3a0e4491edf7c32e786b06f1e4eb5f1753342c7/greenlet-1.1.2-cp27-cp27m-manylinux1_x86_64.whl", hash = "sha256:aec52725173bd3a7b56fe91bc56eccb26fbdff1386ef123abb63c84c5b43b63a"},
    {url = "https://files.pythonhosted.org/packages/c5/c8/9f41dabc0542f6d1d9e746bd530666ba44b2609533de22e723dc3c160273/greenlet-1.1.2-cp39-cp39-manylinux2010_x86_64.whl", hash = "sha256:be5f425ff1f5f4b3c1e33ad64ab994eed12fc284a6ea71c5243fd564502ecbe5"},
    {url = "https://files.pythonhosted.org/packages/cf/cc/1654905f4806009352e60fdfc48cf0573cef8bf519457c6c06ee21d31112/greenlet-1.1.2-cp35-cp35m-macosx_10_14_x86_64.whl", hash = "sha256:17ff94e7a83aa8671a25bf5b59326ec26da379ace2ebc4411d690d80a7fbcf23"},
    {url = "https://files.pythonhosted.org/packages/d0/bf/e6d86812a6d81536afbb4ad0a7a9793fd2d31268a6dabbc9d82534eab5fa/greenlet-1.1.2-cp310-cp310-manylinux_2_17_ppc64le.manylinux2014_ppc64le.whl", hash = "sha256:e6a36bb9474218c7a5b27ae476035497a6990e21d04c279884eb10d9b290f1b1"},
    {url = "https://files.pythonhosted.org/packages/d1/1d/06bf7031a22617197acd5c8427934cc32472bd7887313c82beeaea174d77/greenlet-1.1.2-cp37-cp37m-macosx_10_14_x86_64.whl", hash = "sha256:b92e29e58bef6d9cfd340c72b04d74c4b4e9f70c9fa7c78b674d1fec18896dc4"},
    {url = "https://files.pythonhosted.org/packages/d4/00/7474a1f27efa5c023fe114d84801fe2ded66db2fa5e72253d698b9a95a2a/greenlet-1.1.2-cp38-cp38-manylinux_2_17_x86_64.manylinux2014_x86_64.whl", hash = "sha256:ec8c433b3ab0419100bd45b47c9c8551248a5aee30ca5e9d399a0b57ac04651b"},
    {url = "https://files.pythonhosted.org/packages/d7/6a/3d73858eeea865303319c71115e794cd789453eefe281225548f1f95d96e/greenlet-1.1.2-cp37-cp37m-musllinux_1_1_x86_64.whl", hash = "sha256:8c5d5b35f789a030ebb95bff352f1d27a93d81069f2adb3182d99882e095cefe"},
    {url = "https://files.pythonhosted.org/packages/d9/e1/37db23293372c8b077675832b2f6a4ff3168a451c40bd329588825aa02dd/greenlet-1.1.2-cp39-cp39-macosx_10_14_x86_64.whl", hash = "sha256:166eac03e48784a6a6e0e5f041cfebb1ab400b394db188c48b3a84737f505b67"},
    {url = "https://files.pythonhosted.org/packages/da/87/d99bc105cf88b538efcf7e593083f3b4c15be9a081099f534cb25759b997/greenlet-1.1.2-cp35-cp35m-win32.whl", hash = "sha256:7cbd7574ce8e138bda9df4efc6bf2ab8572c9aff640d8ecfece1b006b68da963"},
    {url = "https://files.pythonhosted.org/packages/e7/b3/e4f84cd23ea46676dd88c514457ca0bad7a8efe40be76cffc009fed4b16e/greenlet-1.1.2-cp38-cp38-macosx_10_14_x86_64.whl", hash = "sha256:9633b3034d3d901f0a46b7939f8c4d64427dfba6bbc5a36b1a67364cf148a1b0"},
    {url = "https://files.pythonhosted.org/packages/e8/2e/a8c9772f3adb294f015775547f990aa2d9c3e2dfdcddaa4e5a9d544a6a8c/greenlet-1.1.2-cp38-cp38-manylinux_2_17_aarch64.manylinux2014_aarch64.whl", hash = "sha256:e859fcb4cbe93504ea18008d1df98dee4f7766db66c435e4882ab35cf70cac43"},
    {url = "https://files.pythonhosted.org/packages/eb/4d/97e281170a0f88f2bef182f5c76b78b89dd492fce372ea381bca59f76371/greenlet-1.1.2-cp27-cp27m-manylinux2010_x86_64.whl", hash = "sha256:833e1551925ed51e6b44c800e71e77dacd7e49181fdc9ac9a0bf3714d515785d"},
    {url = "https://files.pythonhosted.org/packages/ed/18/65451a0b924688ca341a71eee561adb1e9371dbd94960cd012854e9d93b8/greenlet-1.1.2-cp27-cp27mu-manylinux2010_x86_64.whl", hash = "sha256:356b3576ad078c89a6107caa9c50cc14e98e3a6c4874a37c3e0273e4baf33de8"},
    {url = "https://files.pythonhosted.org/packages/ee/1f/521b0c4c7fb010d438881b056785a358e9bde6eecac6d5f10f76021d0918/greenlet-1.1.2-cp36-cp36m-manylinux_2_17_aarch64.manylinux2014_aarch64.whl", hash = "sha256:f9d29ca8a77117315101425ec7ec2a47a22ccf59f5593378fc4077ac5b754fce"},
    {url = "https://files.pythonhosted.org/packages/f3/78/934cb34e853222566d9449435daad7c1d281136115f991be6db7c9d8004a/greenlet-1.1.2-cp36-cp36m-musllinux_1_1_x86_64.whl", hash = "sha256:b8c008de9d0daba7b6666aa5bbfdc23dcd78cafc33997c9b7741ff6353bafb7f"},
    {url = "https://files.pythonhosted.org/packages/f4/4d/52cdc4fb2d9c7a226c490a19373c32a837b38205abd10010c3ade0b011ca/greenlet-1.1.2-cp38-cp38-musllinux_1_1_x86_64.whl", hash = "sha256:2bde6792f313f4e918caabc46532aa64aa27a0db05d75b20edfc5c6f46479de2"},
    {url = "https://files.pythonhosted.org/packages/f5/34/adc2134c9567dd99254f20e6981a9006a5767dfed287eb94f273ec51e092/greenlet-1.1.2-cp37-cp37m-win_amd64.whl", hash = "sha256:b11548073a2213d950c3f671aa88e6f83cda6e2fb97a8b6317b1b5b33d850e06"},
    {url = "https://files.pythonhosted.org/packages/f7/cc/60cc190f564e9fb2ed443ffa48e4ab114236d17d9419f5a0feba9c06ee07/greenlet-1.1.2-cp36-cp36m-macosx_10_14_x86_64.whl", hash = "sha256:049fe7579230e44daef03a259faa24511d10ebfa44f69411d99e6a184fe68073"},
]
"itsdangerous 2.1.1" = [
    {url = "https://files.pythonhosted.org/packages/76/9b/88ac47681ba6af8ee994c9e83ecdfc0048df59f8f6df5c2f766998fe87e7/itsdangerous-2.1.1-py3-none-any.whl", hash = "sha256:935642cd4b987cdbee7210080004033af76306757ff8b4c0a506a4b6e06f02cf"},
    {url = "https://files.pythonhosted.org/packages/9d/86/39f81e23f49eaf62d22248d48771dbf3bce7c52dfdf566e3d8d4c0657f15/itsdangerous-2.1.1.tar.gz", hash = "sha256:7b7d3023cd35d9cb0c1fd91392f8c95c6fa02c59bf8ad64b8849be3401b95afb"},
]
"jinja2 3.0.3" = [
    {url = "https://files.pythonhosted.org/packages/20/9a/e5d9ec41927401e41aea8af6d16e78b5e612bca4699d417f646a9610a076/Jinja2-3.0.3-py3-none-any.whl", hash = "sha256:077ce6014f7b40d03b47d1f1ca4b0fc8328a692bd284016f806ed0eaca390ad8"},
    {url = "https://files.pythonhosted.org/packages/91/a5/429efc6246119e1e3fbf562c00187d04e83e54619249eb732bb423efa6c6/Jinja2-3.0.3.tar.gz", hash = "sha256:611bb273cd68f3b993fabdc4064fc858c5b47a973cb5aa7999ec1ba405c87cd7"},
]
"markupsafe 2.1.1" = [
    {url = "https://files.pythonhosted.org/packages/06/7f/d5e46d7464360b6ac39c5b0b604770dba937e3d7cab485d2f3298454717b/MarkupSafe-2.1.1-cp39-cp39-macosx_10_9_universal2.whl", hash = "sha256:e04e26803c9c3851c931eac40c695602c6295b8d432cbe78609649ad9bd2da8a"},
    {url = "https://files.pythonhosted.org/packages/0f/53/b14de4ede9c2bd76d28e7911033b065ac42896f1cfb258d3ff65cf0332d2/MarkupSafe-2.1.1-cp39-cp39-musllinux_1_1_x86_64.whl", hash = "sha256:8e3dcf21f367459434c18e71b2a9532d96547aef8a871872a5bd69a715c15f96"},
    {url = "https://files.pythonhosted.org/packages/18/a6/913b1d80fe93f7c3aa79206544b98841616c3eaa7790f37bdfb9fc13311e/MarkupSafe-2.1.1-cp38-cp38-manylinux_2_17_aarch64.manylinux2014_aarch64.whl", hash = "sha256:8e576a51ad59e4bfaac456023a78f6b5e6e7651dcd383bcc3e18d06f9b55d6d1"},
    {url = "https://files.pythonhosted.org/packages/1b/b3/93411f10caaccc6fc9c53bbdae4f6d26997248ae574e2f0c90e912b67f73/MarkupSafe-2.1.1-cp37-cp37m-musllinux_1_1_aarch64.whl", hash = "sha256:d5ee4f386140395a2c818d149221149c54849dfcfcb9f1debfe07a8b8bd63f9a"},
    {url = "https://files.pythonhosted.org/packages/1d/97/2288fe498044284f39ab8950703e88abbac2abbdf65524d576157af70556/MarkupSafe-2.1.1.tar.gz", hash = "sha256:7f91197cc9e48f989d12e4e6fbc46495c446636dfc81b9ccf50bb0ec74b91d4b"},
    {url = "https://files.pythonhosted.org/packages/25/c4/a75659da6d6b03d2d8ef296b2a8bc73e8c5b1533ee31569a958a292f0929/MarkupSafe-2.1.1-cp39-cp39-win32.whl", hash = "sha256:d4306c36ca495956b6d568d276ac11fdd9c30a36f1b6eb928070dc5360b22e1c"},
    {url = "https://files.pythonhosted.org/packages/26/03/2c11ba1a8b2327adea3f59f1c9c9ee9c59e86023925f929e63c4f028b10a/MarkupSafe-2.1.1-cp39-cp39-macosx_10_9_x86_64.whl", hash = "sha256:b87db4360013327109564f0e591bd2a3b318547bcef31b468a92ee504d07ae4f"},
    {url = "https://files.pythonhosted.org/packages/2c/81/91062a81ac8a18f557f12e2618475b53878755c016c9914c8aa207155c4e/MarkupSafe-2.1.1-cp38-cp38-win_amd64.whl", hash = "sha256:fc7b548b17d238737688817ab67deebb30e8073c95749d55538ed473130ec0c7"},
    {url = "https://files.pythonhosted.org/packages/3a/fc/dccc18170917f2cc2a5b77aad97f5f27d992ef0f2b9fb9e334ee71bf5301/MarkupSafe-2.1.1-cp39-cp39-musllinux_1_1_aarch64.whl", hash = "sha256:33b74d289bd2f5e527beadcaa3f401e0df0a89927c1559c8566c066fa4248ab7"},
    {url = "https://files.pythonhosted.org/packages/3c/d3/c7ab031b14ae4e83214949acee957a8fcf6a992698edff039ee1e77eb4e1/MarkupSafe-2.1.1-cp38-cp38-macosx_10_9_x86_64.whl", hash = "sha256:0212a68688482dc52b2d45013df70d169f542b7394fc744c02a57374a4207003"},
    {url = "https://files.pythonhosted.org/packages/3d/4b/15e5b9d40c4b58e97ebcb8ed5845a215fa5b7cf49a7f1cc7908f8db9cf46/MarkupSafe-2.1.1-cp310-cp310-win_amd64.whl", hash = "sha256:dda30ba7e87fbbb7eab1ec9f58678558fd9a6b8b853530e176eabd064da81417"},
    {url = "https://files.pythonhosted.org/packages/3f/38/f422a81b41bdac48f1d19c45f6e203c04bc45d2c35505873fdecdddee1ec/MarkupSafe-2.1.1-cp37-cp37m-win_amd64.whl", hash = "sha256:97a68e6ada378df82bc9f16b800ab77cbf4b2fada0081794318520138c088e4a"},
    {url = "https://files.pythonhosted.org/packages/48/a9/cf226ea201542a724b113bac70dd0dfb72106da3621120c525c8eafadac2/MarkupSafe-2.1.1-cp37-cp37m-manylinux_2_17_aarch64.manylinux2014_aarch64.whl", hash = "sha256:3799351e2336dc91ea70b034983ee71cf2f9533cdff7c14c90ea126bfd95d65a"},
    {url = "https://files.pythonhosted.org/packages/5c/1a/ac3a2b2a4ef1196c15dd8a143fc28eddeb6e6871d6d1de64dc44ef7f59b6/MarkupSafe-2.1.1-cp310-cp310-musllinux_1_1_i686.whl", hash = "sha256:694deca8d702d5db21ec83983ce0bb4b26a578e71fbdbd4fdcd387daa90e4d5e"},
    {url = "https://files.pythonhosted.org/packages/5e/3d/0a7df21deca52e20de81f8a895ac29df68944588c0030be9aa1e6c07877c/MarkupSafe-2.1.1-cp310-cp310-win32.whl", hash = "sha256:4a33dea2b688b3190ee12bd7cfa29d39c9ed176bda40bfa11099a3ce5d3a7ac6"},
    {url = "https://files.pythonhosted.org/packages/68/b5/b3aafabe7e1f71aa64ffe32fd8c767fd7db1bb304d339d8df6f2fdd2543c/MarkupSafe-2.1.1-cp38-cp38-musllinux_1_1_i686.whl", hash = "sha256:089cf3dbf0cd6c100f02945abeb18484bd1ee57a079aefd52cffd17fba910b88"},
    {url = "https://files.pythonhosted.org/packages/69/60/08791e4a971ea976f0fd58fb916d76de7c962dc8e26430564258820ac21f/MarkupSafe-2.1.1-cp38-cp38-manylinux_2_5_i686.manylinux1_i686.manylinux_2_17_i686.manylinux2014_i686.whl", hash = "sha256:96e37a3dc86e80bf81758c152fe66dbf60ed5eca3d26305edf01892257049925"},
    {url = "https://files.pythonhosted.org/packages/6c/44/cd459988fe29cb82f0482fe6b6c47ec17ae700a500634edd876075d5e1ee/MarkupSafe-2.1.1-cp38-cp38-win32.whl", hash = "sha256:421be9fbf0ffe9ffd7a378aafebbf6f4602d564d34be190fc19a193232fd12b1"},
    {url = "https://files.pythonhosted.org/packages/71/dc/41cbfe0d9aefdf14226dbf4eccfd0079a0e297809a17c5b902c9a7a3cc9a/MarkupSafe-2.1.1-cp39-cp39-win_amd64.whl", hash = "sha256:46d00d6cfecdde84d40e572d63735ef81423ad31184100411e6e3388d405e247"},
    {url = "https://files.pythonhosted.org/packages/73/68/628f6dbbf5088723a2b939d97c0a2e059d0cc654ce92a6fac5c7959edaff/MarkupSafe-2.1.1-cp39-cp39-manylinux_2_5_i686.manylinux1_i686.manylinux_2_17_i686.manylinux2014_i686.whl", hash = "sha256:3ce11ee3f23f79dbd06fb3d63e2f6af7b12db1d46932fe7bd8afa259a5996603"},
    {url = "https://files.pythonhosted.org/packages/7f/d7/a0ee1e3a608ca2f80c66c43c699ab063b4b8979c51f8299229b1960f6860/MarkupSafe-2.1.1-cp37-cp37m-win32.whl", hash = "sha256:8dc1c72a69aa7e082593c4a203dcf94ddb74bb5c8a731e4e1eb68d031e8498ff"},
    {url = "https://files.pythonhosted.org/packages/82/3d/523e40c45dc1f53b35e60c6e8563dec523f7b6c113f823d5e123dd431631/MarkupSafe-2.1.1-cp39-cp39-manylinux_2_17_aarch64.manylinux2014_aarch64.whl", hash = "sha256:99a2a507ed3ac881b975a2976d59f38c19386d128e7a9a18b7df6fff1fd4c1d6"},
    {url = "https://files.pythonhosted.org/packages/87/31/ab37f60fde001c02ac115da6f66a2d934d37407f257ad8e15ed69093c7fb/MarkupSafe-2.1.1-cp37-cp37m-manylinux_2_5_i686.manylinux1_i686.manylinux_2_17_i686.manylinux2014_i686.whl", hash = "sha256:6fbf47b5d3728c6aea2abb0589b5d30459e369baa772e0f37a0320185e87c980"},
    {url = "https://files.pythonhosted.org/packages/8c/96/7e608e1a942232cb8c81ca24093e71e07e2bacbeb2dad62a0f82da28ed54/MarkupSafe-2.1.1-cp310-cp310-macosx_10_9_x86_64.whl", hash = "sha256:f121a1420d4e173a5d96e47e9a0c0dcff965afdf1626d28de1460815f7c4ee7a"},
    {url = "https://files.pythonhosted.org/packages/92/7c/3c33294e506eafa7f1c40dd283089a45652ea0f073fc0ce24419d46bfe4b/MarkupSafe-2.1.1-cp38-cp38-macosx_10_9_universal2.whl", hash = "sha256:e8c843bbcda3a2f1e3c2ab25913c80a3c5376cd00c6e8c4a86a89a28c8dc5452"},
    {url = "https://files.pythonhosted.org/packages/9e/82/2e089c6f34e77c073aa5a67040d368aac0dfb9b8ccbb46d381452c26fc33/MarkupSafe-2.1.1-cp310-cp310-manylinux_2_17_x86_64.manylinux2014_x86_64.whl", hash = "sha256:10c1bfff05d95783da83491be968e8fe789263689c02724e0c691933c52994f5"},
    {url = "https://files.pythonhosted.org/packages/9f/83/b221ce5a0224f409b9f02b0dc6cb0b921c46033f4870d64fa3e8a96af701/MarkupSafe-2.1.1-cp37-cp37m-manylinux_2_17_x86_64.manylinux2014_x86_64.whl", hash = "sha256:e72591e9ecd94d7feb70c1cbd7be7b3ebea3f548870aa91e2732960fa4d57a37"},
    {url = "https://files.pythonhosted.org/packages/a3/47/9dcc08eff8ab94f1e50f59f9cd322b710ef5db7e8590fdd8df924406fc9c/MarkupSafe-2.1.1-cp310-cp310-manylinux_2_5_i686.manylinux1_i686.manylinux_2_17_i686.manylinux2014_i686.whl", hash = "sha256:b7bd98b796e2b6553da7225aeb61f447f80a1ca64f41d83612e6139ca5213aa4"},
    {url = "https://files.pythonhosted.org/packages/ad/fa/292a72cddad41e3c06227b446a0af53ff642a40755fc5bd695f439c35ba8/MarkupSafe-2.1.1-cp310-cp310-musllinux_1_1_aarch64.whl", hash = "sha256:b09bf97215625a311f669476f44b8b318b075847b49316d3e28c08e41a7a573f"},
    {url = "https://files.pythonhosted.org/packages/ba/16/3627f852d8a846c0fc52ad1beac6e27894a8344cc2c26036db51acb82c3e/MarkupSafe-2.1.1-cp39-cp39-musllinux_1_1_i686.whl", hash = "sha256:43093fb83d8343aac0b1baa75516da6092f58f41200907ef92448ecab8825135"},
    {url = "https://files.pythonhosted.org/packages/ba/a9/6291d3fdaf0ecac5fbafe462258c5174f11fd752076ba05c2c022ee64f77/MarkupSafe-2.1.1-cp37-cp37m-musllinux_1_1_x86_64.whl", hash = "sha256:e1c0b87e09fa55a220f058d1d49d3fb8df88fbfab58558f1198e08c1e1de842a"},
    {url = "https://files.pythonhosted.org/packages/be/d8/5ab7f07d8f60155c4f12b4b2dca785355b8ee7e16b2d3f00c3830add5f10/MarkupSafe-2.1.1-cp38-cp38-musllinux_1_1_x86_64.whl", hash = "sha256:6a074d34ee7a5ce3effbc526b7083ec9731bb3cbf921bbe1d3005d4d2bdb3a63"},
    {url = "https://files.pythonhosted.org/packages/d0/1f/9677deb5b2768ca503e5ed8464a28f47a854d415b9d1b84445efa8363ca6/MarkupSafe-2.1.1-cp37-cp37m-musllinux_1_1_i686.whl", hash = "sha256:bcb3ed405ed3222f9904899563d6fc492ff75cce56cba05e32eff40e6acbeaa3"},
    {url = "https://files.pythonhosted.org/packages/d3/4f/9ea1c0a7796f7f81371b40d32aa31766b76fbdba316abf888897042e6e0f/MarkupSafe-2.1.1-cp38-cp38-musllinux_1_1_aarch64.whl", hash = "sha256:6d0072fea50feec76a4c418096652f2c3238eaa014b2f94aeb1d56a66b41403f"},
    {url = "https://files.pythonhosted.org/packages/d9/60/94e9de017674f88a514804e2924bdede9a642aba179d2045214719d6ec76/MarkupSafe-2.1.1-cp310-cp310-macosx_10_9_universal2.whl", hash = "sha256:86b1f75c4e7c2ac2ccdaec2b9022845dbb81880ca318bb7a0a01fbf7813e3812"},
    {url = "https://files.pythonhosted.org/packages/df/06/c515c5bc43b90462e753bc768e6798193c6520c9c7eb2054c7466779a9db/MarkupSafe-2.1.1-cp39-cp39-manylinux_2_17_x86_64.manylinux2014_x86_64.whl", hash = "sha256:56442863ed2b06d19c37f94d999035e15ee982988920e12a5b4ba29b62ad1f77"},
    {url = "https://files.pythonhosted.org/packages/f9/f8/13ffc95bf8a8c98d611b9f9fa5aa88625b9a82fce528e58f1aafba14946b/MarkupSafe-2.1.1-cp37-cp37m-macosx_10_9_x86_64.whl", hash = "sha256:671cd1187ed5e62818414afe79ed29da836dde67166a9fac6d435873c44fdd02"},
    {url = "https://files.pythonhosted.org/packages/fc/e4/78c7607352dd574d524daad079f855757d406d36b919b1864a5a07978390/MarkupSafe-2.1.1-cp310-cp310-musllinux_1_1_x86_64.whl", hash = "sha256:efc1913fd2ca4f334418481c7e595c00aad186563bbc1ec76067848c7ca0a933"},
    {url = "https://files.pythonhosted.org/packages/fd/f4/524d2e8f5a3727cf309c2b7df7c732038375322df1376c9e9ef3aa92fcaf/MarkupSafe-2.1.1-cp38-cp38-manylinux_2_17_x86_64.manylinux2014_x86_64.whl", hash = "sha256:4b9fe39a2ccc108a4accc2676e77da025ce383c108593d65cc909add5c3bd601"},
    {url = "https://files.pythonhosted.org/packages/ff/3a/42262a3aa6415befee33b275b31afbcef4f7f8d2f4380061b226c692ee2a/MarkupSafe-2.1.1-cp310-cp310-manylinux_2_17_aarch64.manylinux2014_aarch64.whl", hash = "sha256:a49907dd8420c5685cfa064a1335b6754b74541bbb3706c259c02ed65b644b3e"},
]
"python-dateutil 2.8.2" = [
    {url = "https://files.pythonhosted.org/packages/36/7a/87837f39d0296e723bb9b62bbb257d0355c7f6128853c78955f57342a56d/python_dateutil-2.8.2-py2.py3-none-any.whl", hash = "sha256:961d03dc3453ebbc59dbdea9e4e11c5651520a876d0f4db161e8674aae935da9"},
    {url = "https://files.pythonhosted.org/packages/4c/c4/13b4776ea2d76c115c1d1b84579f3764ee6d57204f6be27119f13a61d0a9/python-dateutil-2.8.2.tar.gz", hash = "sha256:0123cacc1627ae19ddf3c27a5de5bd67ee4586fbdd6440d9748f8abb483d3e86"},
]
"python-engineio 4.3.1" = [
    {url = "https://files.pythonhosted.org/packages/ae/c4/f290dd7159c8f6605e8bc9b5a98f98f62d4cef872b82ea128b2a1221648e/python_engineio-4.3.1-py3-none-any.whl", hash = "sha256:85986067cb9f7695347954d4e03491f7d45152c5428c07109a9707e04e8942cb"},
    {url = "https://files.pythonhosted.org/packages/b7/2e/dbde0451aef7e10935cc568c909e00ceb061b4273fb03ccf1ecf3904e03d/python-engineio-4.3.1.tar.gz", hash = "sha256:6e1d26977ffefe3b7da1b5df7a8750aedc7686da8201cd90daf36693db122489"},
]
"python-socketio 5.5.2" = [
    {url = "https://files.pythonhosted.org/packages/75/71/fbfa26eb8b59be59e6352d695980fa590b42a3ee675a7ccea44f38c433e5/python-socketio-5.5.2.tar.gz", hash = "sha256:6213f7dfbb87e554472d11151f96bae9059854aa88e4a1e0fa6e97cca1c3fcf4"},
    {url = "https://files.pythonhosted.org/packages/b7/c8/c5aeffd89f1ca526f8d8b5647c36b622dae66d2f83435cc92aaeb2971965/python_socketio-5.5.2-py3-none-any.whl", hash = "sha256:5a1b173a4c3471bed363c502a93b36a02e2a29847645c5557237b3359d49caf0"},
]
"six 1.16.0" = [
    {url = "https://files.pythonhosted.org/packages/71/39/171f1c67cd00715f190ba0b100d606d440a28c93c7714febeca8b79af85e/six-1.16.0.tar.gz", hash = "sha256:1e61c37477a1626458e36f7b1d82aa5c9b094fa4802892072e49de9c60c4c926"},
    {url = "https://files.pythonhosted.org/packages/d9/5a/e7c31adbe875f2abbb91bd84cf2dc52d792b5a01506781dbcf25c91daf11/six-1.16.0-py2.py3-none-any.whl", hash = "sha256:8abb2f1d86890a2dfb989f9a77cfcfd3e47c2a354b01111771326f8aa26e0254"},
]
"strictyaml 1.6.1" = [
    {url = "https://files.pythonhosted.org/packages/11/06/f9caa0988f7a265020bfecc1c32ed5dcda5310eb2cc5337ae02ef64b5a22/strictyaml-1.6.1.tar.gz", hash = "sha256:688be16ee5d1a2f94aa4abdc6d881e8e254d173d724ac88725955fe66bdb63d4"},
]
"werkzeug 2.0.3" = [
    {url = "https://files.pythonhosted.org/packages/6c/a8/60514fade2318e277453c9588545d0c335ea3ea6440ce5cdabfca7f73117/Werkzeug-2.0.3.tar.gz", hash = "sha256:b863f8ff057c522164b6067c9e28b041161b4be5ba4d0daceeaa50a163822d3c"},
    {url = "https://files.pythonhosted.org/packages/f4/f3/22afbdb20cc4654b10c98043414a14057cd27fdba9d4ae61cea596000ba2/Werkzeug-2.0.3-py3-none-any.whl", hash = "sha256:1421ebfc7648a39a5c58c601b154165d05cf47a3cd0ccb70857cbdacf6c8f2b8"},
]
